
Microsoft Visual Studio Solution File, Format Version 11.00
# Visual Studio 2010
Project("{8BC9CEB8-8B4A-11D0-8D11-00A0C91BC942}") = "client", "client\client.vcxproj", "{1D1B4A08-A4A5-4C6C-9D58-F54BC574CBB8}"
	ProjectSection(ProjectDependencies) = postProject
		{AC520693-9044-448F-B127-77AB5F23526F} = {AC520693-9044-448F-B127-77AB5F23526F}
	EndProjectSection
EndProject
Project("{8BC9CEB8-8B4A-11D0-8D11-00A0C91BC942}") = "tests", "tests\tests.vcxproj", "{0940A6C9-D63D-48AE-912F-E87485CBE89C}"
	ProjectSection(ProjectDependencies) = postProject
		{AC520693-9044-448F-B127-77AB5F23526F} = {AC520693-9044-448F-B127-77AB5F23526F}
	EndProjectSection
EndProject
Project("{8BC9CEB8-8B4A-11D0-8D11-00A0C91BC942}") = "slave", "slave\slave.vcxproj", "{1B33D82B-7FBF-4FC0-87BA-05125C36698F}"
	ProjectSection(ProjectDependencies) = postProject
		{493EA373-538E-483D-AD1D-5F87CDD71E77} = {493EA373-538E-483D-AD1D-5F87CDD71E77}
		{AC520693-9044-448F-B127-77AB5F23526F} = {AC520693-9044-448F-B127-77AB5F23526F}
	EndProjectSection
EndProject
Project("{2150E333-8FDC-42A3-9474-1A3956D46DE8}") = "Commands", "Commands", "{74B93551-3EB3-47A7-9EA7-B591CCBFF960}"
EndProject
Project("{8BC9CEB8-8B4A-11D0-8D11-00A0C91BC942}") = "streamhash", "sphere\sphere.vcxproj", "{E926C825-F1FA-474D-8B7D-41793A28F17C}"
EndProject
Project("{8BC9CEB8-8B4A-11D0-8D11-00A0C91BC942}") = "master", "master\master.vcxproj", "{D0814046-B12A-428B-AC5F-0CB230137301}"
	ProjectSection(ProjectDependencies) = postProject
		{F291E967-D7DE-46C9-814B-C7F76B7C3651} = {F291E967-D7DE-46C9-814B-C7F76B7C3651}
		{493EA373-538E-483D-AD1D-5F87CDD71E77} = {493EA373-538E-483D-AD1D-5F87CDD71E77}
		{AC520693-9044-448F-B127-77AB5F23526F} = {AC520693-9044-448F-B127-77AB5F23526F}
	EndProjectSection
EndProject
Project("{2150E333-8FDC-42A3-9474-1A3956D46DE8}") = "Nodes", "Nodes", "{9F41170F-3748-46A9-9F81-D558EFF57A6F}"
EndProject
Project("{8BC9CEB8-8B4A-11D0-8D11-00A0C91BC942}") = "cp", "tools\cp\cp.vcxproj", "{4D3E5360-BAAA-4A67-AA0F-EF96FA4E5490}"
	ProjectSection(ProjectDependencies) = postProject
		{1D1B4A08-A4A5-4C6C-9D58-F54BC574CBB8} = {1D1B4A08-A4A5-4C6C-9D58-F54BC574CBB8}
		{F291E967-D7DE-46C9-814B-C7F76B7C3651} = {F291E967-D7DE-46C9-814B-C7F76B7C3651}
		{493EA373-538E-483D-AD1D-5F87CDD71E77} = {493EA373-538E-483D-AD1D-5F87CDD71E77}
		{AC520693-9044-448F-B127-77AB5F23526F} = {AC520693-9044-448F-B127-77AB5F23526F}
	EndProjectSection
EndProject
Project("{8BC9CEB8-8B4A-11D0-8D11-00A0C91BC942}") = "download", "tools\download\download.vcxproj", "{7F751DA7-2132-46EE-ACCA-FE85F7F22534}"
	ProjectSection(ProjectDependencies) = postProject
		{1D1B4A08-A4A5-4C6C-9D58-F54BC574CBB8} = {1D1B4A08-A4A5-4C6C-9D58-F54BC574CBB8}
		{F291E967-D7DE-46C9-814B-C7F76B7C3651} = {F291E967-D7DE-46C9-814B-C7F76B7C3651}
		{493EA373-538E-483D-AD1D-5F87CDD71E77} = {493EA373-538E-483D-AD1D-5F87CDD71E77}
		{AC520693-9044-448F-B127-77AB5F23526F} = {AC520693-9044-448F-B127-77AB5F23526F}
	EndProjectSection
EndProject
Project("{8BC9CEB8-8B4A-11D0-8D11-00A0C91BC942}") = "ls", "tools\ls\ls.vcxproj", "{39321064-82F8-4D6D-8757-7A463B54C7FD}"
	ProjectSection(ProjectDependencies) = postProject
		{1D1B4A08-A4A5-4C6C-9D58-F54BC574CBB8} = {1D1B4A08-A4A5-4C6C-9D58-F54BC574CBB8}
		{F291E967-D7DE-46C9-814B-C7F76B7C3651} = {F291E967-D7DE-46C9-814B-C7F76B7C3651}
		{493EA373-538E-483D-AD1D-5F87CDD71E77} = {493EA373-538E-483D-AD1D-5F87CDD71E77}
		{AC520693-9044-448F-B127-77AB5F23526F} = {AC520693-9044-448F-B127-77AB5F23526F}
	EndProjectSection
EndProject
Project("{8BC9CEB8-8B4A-11D0-8D11-00A0C91BC942}") = "mkdir", "tools\mkdir\mkdir.vcxproj", "{F50CE4CE-01AD-4FEE-8985-DB97EAE08432}"
	ProjectSection(ProjectDependencies) = postProject
		{1D1B4A08-A4A5-4C6C-9D58-F54BC574CBB8} = {1D1B4A08-A4A5-4C6C-9D58-F54BC574CBB8}
		{F291E967-D7DE-46C9-814B-C7F76B7C3651} = {F291E967-D7DE-46C9-814B-C7F76B7C3651}
		{493EA373-538E-483D-AD1D-5F87CDD71E77} = {493EA373-538E-483D-AD1D-5F87CDD71E77}
		{AC520693-9044-448F-B127-77AB5F23526F} = {AC520693-9044-448F-B127-77AB5F23526F}
	EndProjectSection
EndProject
Project("{8BC9CEB8-8B4A-11D0-8D11-00A0C91BC942}") = "mv", "tools\mv\mv.vcxproj", "{182F15EE-A8DC-4A1E-85EA-DDC18B16C853}"
	ProjectSection(ProjectDependencies) = postProject
		{1D1B4A08-A4A5-4C6C-9D58-F54BC574CBB8} = {1D1B4A08-A4A5-4C6C-9D58-F54BC574CBB8}
		{F291E967-D7DE-46C9-814B-C7F76B7C3651} = {F291E967-D7DE-46C9-814B-C7F76B7C3651}
		{493EA373-538E-483D-AD1D-5F87CDD71E77} = {493EA373-538E-483D-AD1D-5F87CDD71E77}
		{AC520693-9044-448F-B127-77AB5F23526F} = {AC520693-9044-448F-B127-77AB5F23526F}
	EndProjectSection
EndProject
Project("{8BC9CEB8-8B4A-11D0-8D11-00A0C91BC942}") = "rm", "tools\rm\rm.vcxproj", "{5806DACD-BD66-4167-A60E-F6D20B5B912D}"
	ProjectSection(ProjectDependencies) = postProject
		{1D1B4A08-A4A5-4C6C-9D58-F54BC574CBB8} = {1D1B4A08-A4A5-4C6C-9D58-F54BC574CBB8}
		{F291E967-D7DE-46C9-814B-C7F76B7C3651} = {F291E967-D7DE-46C9-814B-C7F76B7C3651}
		{493EA373-538E-483D-AD1D-5F87CDD71E77} = {493EA373-538E-483D-AD1D-5F87CDD71E77}
		{AC520693-9044-448F-B127-77AB5F23526F} = {AC520693-9044-448F-B127-77AB5F23526F}
	EndProjectSection
EndProject
Project("{8BC9CEB8-8B4A-11D0-8D11-00A0C91BC942}") = "stat", "tools\stat\stat.vcxproj", "{4D351AF7-F490-4B4D-9822-AC41E5D4C419}"
	ProjectSection(ProjectDependencies) = postProject
		{1D1B4A08-A4A5-4C6C-9D58-F54BC574CBB8} = {1D1B4A08-A4A5-4C6C-9D58-F54BC574CBB8}
		{F291E967-D7DE-46C9-814B-C7F76B7C3651} = {F291E967-D7DE-46C9-814B-C7F76B7C3651}
		{493EA373-538E-483D-AD1D-5F87CDD71E77} = {493EA373-538E-483D-AD1D-5F87CDD71E77}
		{AC520693-9044-448F-B127-77AB5F23526F} = {AC520693-9044-448F-B127-77AB5F23526F}
	EndProjectSection
EndProject
Project("{8BC9CEB8-8B4A-11D0-8D11-00A0C91BC942}") = "stream", "tools\stream\stream.vcxproj", "{84C8FD13-59F3-4B08-B396-342E48A3EE3D}"
	ProjectSection(ProjectDependencies) = postProject
		{1D1B4A08-A4A5-4C6C-9D58-F54BC574CBB8} = {1D1B4A08-A4A5-4C6C-9D58-F54BC574CBB8}
		{F291E967-D7DE-46C9-814B-C7F76B7C3651} = {F291E967-D7DE-46C9-814B-C7F76B7C3651}
		{493EA373-538E-483D-AD1D-5F87CDD71E77} = {493EA373-538E-483D-AD1D-5F87CDD71E77}
		{AC520693-9044-448F-B127-77AB5F23526F} = {AC520693-9044-448F-B127-77AB5F23526F}
	EndProjectSection
EndProject
Project("{8BC9CEB8-8B4A-11D0-8D11-00A0C91BC942}") = "sysinfo", "tools\sysinfo\sysinfo.vcxproj", "{BF2F620E-6D3B-4CBA-AC43-32985BFA7CC0}"
	ProjectSection(ProjectDependencies) = postProject
		{1D1B4A08-A4A5-4C6C-9D58-F54BC574CBB8} = {1D1B4A08-A4A5-4C6C-9D58-F54BC574CBB8}
		{F291E967-D7DE-46C9-814B-C7F76B7C3651} = {F291E967-D7DE-46C9-814B-C7F76B7C3651}
		{493EA373-538E-483D-AD1D-5F87CDD71E77} = {493EA373-538E-483D-AD1D-5F87CDD71E77}
		{AC520693-9044-448F-B127-77AB5F23526F} = {AC520693-9044-448F-B127-77AB5F23526F}
	EndProjectSection
EndProject
Project("{8BC9CEB8-8B4A-11D0-8D11-00A0C91BC942}") = "upload", "tools\upload\upload.vcxproj", "{98B13064-1208-4438-861E-EC476D0509E1}"
	ProjectSection(ProjectDependencies) = postProject
		{1D1B4A08-A4A5-4C6C-9D58-F54BC574CBB8} = {1D1B4A08-A4A5-4C6C-9D58-F54BC574CBB8}
		{F291E967-D7DE-46C9-814B-C7F76B7C3651} = {F291E967-D7DE-46C9-814B-C7F76B7C3651}
		{493EA373-538E-483D-AD1D-5F87CDD71E77} = {493EA373-538E-483D-AD1D-5F87CDD71E77}
		{AC520693-9044-448F-B127-77AB5F23526F} = {AC520693-9044-448F-B127-77AB5F23526F}
	EndProjectSection
EndProject
Project("{8BC9CEB8-8B4A-11D0-8D11-00A0C91BC942}") = "start_all", "master\start_all\start_all.vcxproj", "{6FA0FD7B-B696-4EAE-98CF-373C2FF4C37F}"
	ProjectSection(ProjectDependencies) = postProject
		{1D1B4A08-A4A5-4C6C-9D58-F54BC574CBB8} = {1D1B4A08-A4A5-4C6C-9D58-F54BC574CBB8}
		{1B33D82B-7FBF-4FC0-87BA-05125C36698F} = {1B33D82B-7FBF-4FC0-87BA-05125C36698F}
		{D0814046-B12A-428B-AC5F-0CB230137301} = {D0814046-B12A-428B-AC5F-0CB230137301}
	EndProjectSection
EndProject
Project("{8BC9CEB8-8B4A-11D0-8D11-00A0C91BC942}") = "start_master", "master\start_master\start_master.vcxproj", "{BDDFB551-AD94-4AF7-9930-51B5F3B3F922}"
	ProjectSection(ProjectDependencies) = postProject
		{D0814046-B12A-428B-AC5F-0CB230137301} = {D0814046-B12A-428B-AC5F-0CB230137301}
		{F291E967-D7DE-46C9-814B-C7F76B7C3651} = {F291E967-D7DE-46C9-814B-C7F76B7C3651}
		{AC520693-9044-448F-B127-77AB5F23526F} = {AC520693-9044-448F-B127-77AB5F23526F}
	EndProjectSection
EndProject
Project("{8BC9CEB8-8B4A-11D0-8D11-00A0C91BC942}") = "sserver", "security\sserver\sserver.vcxproj", "{B46C4AD7-DE52-43BE-8BC5-50708C69D399}"
	ProjectSection(ProjectDependencies) = postProject
		{AC520693-9044-448F-B127-77AB5F23526F} = {AC520693-9044-448F-B127-77AB5F23526F}
		{48B9E0C6-B9A4-43AF-9320-E9532F849DA4} = {48B9E0C6-B9A4-43AF-9320-E9532F849DA4}
	EndProjectSection
EndProject
Project("{2150E333-8FDC-42A3-9474-1A3956D46DE8}") = "Libraries", "Libraries", "{050F46B5-25FA-4043-925D-2001EF0591FF}"
EndProject
Project("{8BC9CEB8-8B4A-11D0-8D11-00A0C91BC942}") = "security", "security\security.vcxproj", "{48B9E0C6-B9A4-43AF-9320-E9532F849DA4}"
	ProjectSection(ProjectDependencies) = postProject
		{AC520693-9044-448F-B127-77AB5F23526F} = {AC520693-9044-448F-B127-77AB5F23526F}
	EndProjectSection
EndProject
Project("{8BC9CEB8-8B4A-11D0-8D11-00A0C91BC942}") = "ssl_cert_gen", "security\ssl_cert_gen\ssl_cert_gen.vcxproj", "{FBD752FB-E1CD-42C3-827A-7FF616B4EE41}"
EndProject
Project("{8BC9CEB8-8B4A-11D0-8D11-00A0C91BC942}") = "common", "common\common.vcxproj", "{AC520693-9044-448F-B127-77AB5F23526F}"
	ProjectSection(ProjectDependencies) = postProject
		{F291E967-D7DE-46C9-814B-C7F76B7C3651} = {F291E967-D7DE-46C9-814B-C7F76B7C3651}
	EndProjectSection
EndProject
Project("{8BC9CEB8-8B4A-11D0-8D11-00A0C91BC942}") = "udt", "udt\udt.vcxproj", "{F291E967-D7DE-46C9-814B-C7F76B7C3651}"
EndProject
Project("{8BC9CEB8-8B4A-11D0-8D11-00A0C91BC942}") = "gmp", "gmp\gmp.vcxproj", "{493EA373-538E-483D-AD1D-5F87CDD71E77}"
	ProjectSection(ProjectDependencies) = postProject
		{F291E967-D7DE-46C9-814B-C7F76B7C3651} = {F291E967-D7DE-46C9-814B-C7F76B7C3651}
		{AC520693-9044-448F-B127-77AB5F23526F} = {AC520693-9044-448F-B127-77AB5F23526F}
	EndProjectSection
EndProject
Project("{8BC9CEB8-8B4A-11D0-8D11-00A0C91BC942}") = "start_slave", "slave\start_slave\start_slave.vcxproj", "{F883F732-58E1-41C5-AEB2-241CF2EC7568}"
	ProjectSection(ProjectDependencies) = postProject
		{1B33D82B-7FBF-4FC0-87BA-05125C36698F} = {1B33D82B-7FBF-4FC0-87BA-05125C36698F}
		{F291E967-D7DE-46C9-814B-C7F76B7C3651} = {F291E967-D7DE-46C9-814B-C7F76B7C3651}
		{AC520693-9044-448F-B127-77AB5F23526F} = {AC520693-9044-448F-B127-77AB5F23526F}
	EndProjectSection
EndProject
Project("{8BC9CEB8-8B4A-11D0-8D11-00A0C91BC942}") = "grep", "grep\grep.vcxproj", "{A50595C4-67CD-498F-8782-F4EA437276CC}"
EndProject
Project("{8BC9CEB8-8B4A-11D0-8D11-00A0C91BC942}") = "stop_all", "master\stop_all\stop_all.vcxproj", "{AA0992E2-64F3-4B3A-9B26-0DDE82885434}"
	ProjectSection(ProjectDependencies) = postProject
		{1B33D82B-7FBF-4FC0-87BA-05125C36698F} = {1B33D82B-7FBF-4FC0-87BA-05125C36698F}
		{D0814046-B12A-428B-AC5F-0CB230137301} = {D0814046-B12A-428B-AC5F-0CB230137301}
		{493EA373-538E-483D-AD1D-5F87CDD71E77} = {493EA373-538E-483D-AD1D-5F87CDD71E77}
	EndProjectSection
EndProject
Project("{2150E333-8FDC-42A3-9474-1A3956D46DE8}") = "Examples", "Examples", "{16A520E0-93ED-480E-B16A-6447FC06823A}"
EndProject
Project("{2150E333-8FDC-42A3-9474-1A3956D46DE8}") = "Functions", "Functions", "{264FEB74-411F-4F3E-A5A4-7243014C9C29}"
EndProject
Project("{8BC9CEB8-8B4A-11D0-8D11-00A0C91BC942}") = "testfs", "examples\testfs\testfs.vcxproj", "{2AE1BA27-8DB3-454E-B90B-3286DA7FDA9F}"
	ProjectSection(ProjectDependencies) = postProject
		{1D1B4A08-A4A5-4C6C-9D58-F54BC574CBB8} = {1D1B4A08-A4A5-4C6C-9D58-F54BC574CBB8}
		{F291E967-D7DE-46C9-814B-C7F76B7C3651} = {F291E967-D7DE-46C9-814B-C7F76B7C3651}
		{AC520693-9044-448F-B127-77AB5F23526F} = {AC520693-9044-448F-B127-77AB5F23526F}
	EndProjectSection
EndProject
Project("{8BC9CEB8-8B4A-11D0-8D11-00A0C91BC942}") = "testdc", "examples\testdc\testdc.vcxproj", "{B4241EC8-938D-447C-A3ED-1936CB033BE7}"
	ProjectSection(ProjectDependencies) = postProject
		{1D1B4A08-A4A5-4C6C-9D58-F54BC574CBB8} = {1D1B4A08-A4A5-4C6C-9D58-F54BC574CBB8}
		{F291E967-D7DE-46C9-814B-C7F76B7C3651} = {F291E967-D7DE-46C9-814B-C7F76B7C3651}
		{AC520693-9044-448F-B127-77AB5F23526F} = {AC520693-9044-448F-B127-77AB5F23526F}
	EndProjectSection
EndProject
Project("{8BC9CEB8-8B4A-11D0-8D11-00A0C91BC942}") = "wordcount", "examples\wordcount\wordcount.vcxproj", "{530E17B5-3810-440D-A617-DF6001DC3AF4}"
	ProjectSection(ProjectDependencies) = postProject
		{1D1B4A08-A4A5-4C6C-9D58-F54BC574CBB8} = {1D1B4A08-A4A5-4C6C-9D58-F54BC574CBB8}
		{AC520693-9044-448F-B127-77AB5F23526F} = {AC520693-9044-448F-B127-77AB5F23526F}
	EndProjectSection
EndProject
Project("{8BC9CEB8-8B4A-11D0-8D11-00A0C91BC942}") = "text.idx", "examples\text.idx\text.idx.vcxproj", "{EF35E0F8-38B6-4AB3-8654-7C962FF15FD1}"
	ProjectSection(ProjectDependencies) = postProject
		{1D1B4A08-A4A5-4C6C-9D58-F54BC574CBB8} = {1D1B4A08-A4A5-4C6C-9D58-F54BC574CBB8}
		{AC520693-9044-448F-B127-77AB5F23526F} = {AC520693-9044-448F-B127-77AB5F23526F}
	EndProjectSection
EndProject
Project("{8BC9CEB8-8B4A-11D0-8D11-00A0C91BC942}") = "mrsort", "examples\mrsort\mrsort.vcxproj", "{3BB394A0-4961-45F6-A52A-F4EAE6A36406}"
	ProjectSection(ProjectDependencies) = postProject
		{1D1B4A08-A4A5-4C6C-9D58-F54BC574CBB8} = {1D1B4A08-A4A5-4C6C-9D58-F54BC574CBB8}
		{AC520693-9044-448F-B127-77AB5F23526F} = {AC520693-9044-448F-B127-77AB5F23526F}
	EndProjectSection
EndProject
Project("{8BC9CEB8-8B4A-11D0-8D11-00A0C91BC942}") = "mrword", "examples\mrword\mrword.vcxproj", "{3AE55B79-ECA7-4DED-A3D5-AA08B9D782DE}"
	ProjectSection(ProjectDependencies) = postProject
		{1D1B4A08-A4A5-4C6C-9D58-F54BC574CBB8} = {1D1B4A08-A4A5-4C6C-9D58-F54BC574CBB8}
		{F291E967-D7DE-46C9-814B-C7F76B7C3651} = {F291E967-D7DE-46C9-814B-C7F76B7C3651}
		{AC520693-9044-448F-B127-77AB5F23526F} = {AC520693-9044-448F-B127-77AB5F23526F}
	EndProjectSection
EndProject
Project("{8BC9CEB8-8B4A-11D0-8D11-00A0C91BC942}") = "randwriter", "examples\funcs\randwriter\randwriter.vcxproj", "{E344F082-D140-4028-A262-519E0B407E6F}"
EndProject
Project("{8BC9CEB8-8B4A-11D0-8D11-00A0C91BC942}") = "sort", "examples\funcs\sort\sort.vcxproj", "{C4F03E47-2844-48D4-8456-26F3720F3C27}"
EndProject
Project("{8BC9CEB8-8B4A-11D0-8D11-00A0C91BC942}") = "sorthash", "examples\funcs\sorthash\sorthash.vcxproj", "{921CC492-BAB7-4FEF-937C-091454CDF605}"
EndProject
Project("{8BC9CEB8-8B4A-11D0-8D11-00A0C91BC942}") = "wordbucket", "examples\funcs\wordbucket\wordbucket.vcxproj", "{D039041F-CF35-43F0-9C14-A3A8E59048C1}"
EndProject
Project("{8BC9CEB8-8B4A-11D0-8D11-00A0C91BC942}") = "gen_idx", "examples\funcs\gen_idx\gen_idx.vcxproj", "{DE400214-6DC9-47CD-B105-398096A9BAB7}"
EndProject
Project("{8BC9CEB8-8B4A-11D0-8D11-00A0C91BC942}") = "mr_sort", "examples\funcs\mr_sort\mr_sort.vcxproj", "{7FC85768-412B-4697-A7EA-EF513DEA95F1}"
EndProject
Project("{8BC9CEB8-8B4A-11D0-8D11-00A0C91BC942}") = "mr_word", "examples\funcs\mr_word\mr_word.vcxproj", "{7D1BB638-2B14-4298-9CB2-F108DE7F7591}"
EndProject
Project("{54435603-DBB4-11D2-8724-00A0C9A8B90C}") = "WinSetup", "..\WinSetup\WinSetup.vdproj", "{E44C6790-2234-429D-A062-1E83A05C350C}"
EndProject
Global
	GlobalSection(SolutionConfigurationPlatforms) = preSolution
		Debug|Win32 = Debug|Win32
		Debug|x64 = Debug|x64
		Release|Win32 = Release|Win32
		Release|x64 = Release|x64
	EndGlobalSection
	GlobalSection(ProjectConfigurationPlatforms) = postSolution
		{1D1B4A08-A4A5-4C6C-9D58-F54BC574CBB8}.Debug|Win32.ActiveCfg = Debug|Win32
		{1D1B4A08-A4A5-4C6C-9D58-F54BC574CBB8}.Debug|Win32.Build.0 = Debug|Win32
		{1D1B4A08-A4A5-4C6C-9D58-F54BC574CBB8}.Debug|x64.ActiveCfg = Debug|x64
		{1D1B4A08-A4A5-4C6C-9D58-F54BC574CBB8}.Debug|x64.Build.0 = Debug|x64
		{1D1B4A08-A4A5-4C6C-9D58-F54BC574CBB8}.Release|Win32.ActiveCfg = Release|Win32
		{1D1B4A08-A4A5-4C6C-9D58-F54BC574CBB8}.Release|Win32.Build.0 = Release|Win32
		{1D1B4A08-A4A5-4C6C-9D58-F54BC574CBB8}.Release|x64.ActiveCfg = Release|x64
		{1D1B4A08-A4A5-4C6C-9D58-F54BC574CBB8}.Release|x64.Build.0 = Release|x64
		{0940A6C9-D63D-48AE-912F-E87485CBE89C}.Debug|Win32.ActiveCfg = Debug|Win32
		{0940A6C9-D63D-48AE-912F-E87485CBE89C}.Debug|Win32.Build.0 = Debug|Win32
		{0940A6C9-D63D-48AE-912F-E87485CBE89C}.Debug|x64.ActiveCfg = Debug|x64
		{0940A6C9-D63D-48AE-912F-E87485CBE89C}.Debug|x64.Build.0 = Debug|x64
		{0940A6C9-D63D-48AE-912F-E87485CBE89C}.Release|Win32.ActiveCfg = Release|Win32
		{0940A6C9-D63D-48AE-912F-E87485CBE89C}.Release|Win32.Build.0 = Release|Win32
		{0940A6C9-D63D-48AE-912F-E87485CBE89C}.Release|x64.ActiveCfg = Release|x64
		{0940A6C9-D63D-48AE-912F-E87485CBE89C}.Release|x64.Build.0 = Release|x64
		{1B33D82B-7FBF-4FC0-87BA-05125C36698F}.Debug|Win32.ActiveCfg = Debug|Win32
		{1B33D82B-7FBF-4FC0-87BA-05125C36698F}.Debug|Win32.Build.0 = Debug|Win32
		{1B33D82B-7FBF-4FC0-87BA-05125C36698F}.Debug|x64.ActiveCfg = Debug|x64
		{1B33D82B-7FBF-4FC0-87BA-05125C36698F}.Debug|x64.Build.0 = Debug|x64
		{1B33D82B-7FBF-4FC0-87BA-05125C36698F}.Release|Win32.ActiveCfg = Release|Win32
		{1B33D82B-7FBF-4FC0-87BA-05125C36698F}.Release|Win32.Build.0 = Release|Win32
		{1B33D82B-7FBF-4FC0-87BA-05125C36698F}.Release|x64.ActiveCfg = Release|x64
		{1B33D82B-7FBF-4FC0-87BA-05125C36698F}.Release|x64.Build.0 = Release|x64
		{E926C825-F1FA-474D-8B7D-41793A28F17C}.Debug|Win32.ActiveCfg = Debug|Win32
		{E926C825-F1FA-474D-8B7D-41793A28F17C}.Debug|Win32.Build.0 = Debug|Win32
		{E926C825-F1FA-474D-8B7D-41793A28F17C}.Debug|x64.ActiveCfg = Debug|x64
		{E926C825-F1FA-474D-8B7D-41793A28F17C}.Debug|x64.Build.0 = Debug|x64
		{E926C825-F1FA-474D-8B7D-41793A28F17C}.Release|Win32.ActiveCfg = Release|Win32
		{E926C825-F1FA-474D-8B7D-41793A28F17C}.Release|Win32.Build.0 = Release|Win32
		{E926C825-F1FA-474D-8B7D-41793A28F17C}.Release|x64.ActiveCfg = Release|x64
		{E926C825-F1FA-474D-8B7D-41793A28F17C}.Release|x64.Build.0 = Release|x64
		{D0814046-B12A-428B-AC5F-0CB230137301}.Debug|Win32.ActiveCfg = Debug|Win32
		{D0814046-B12A-428B-AC5F-0CB230137301}.Debug|Win32.Build.0 = Debug|Win32
		{D0814046-B12A-428B-AC5F-0CB230137301}.Debug|x64.ActiveCfg = Debug|x64
		{D0814046-B12A-428B-AC5F-0CB230137301}.Debug|x64.Build.0 = Debug|x64
		{D0814046-B12A-428B-AC5F-0CB230137301}.Release|Win32.ActiveCfg = Release|Win32
		{D0814046-B12A-428B-AC5F-0CB230137301}.Release|Win32.Build.0 = Release|Win32
		{D0814046-B12A-428B-AC5F-0CB230137301}.Release|x64.ActiveCfg = Release|x64
		{D0814046-B12A-428B-AC5F-0CB230137301}.Release|x64.Build.0 = Release|x64
		{4D3E5360-BAAA-4A67-AA0F-EF96FA4E5490}.Debug|Win32.ActiveCfg = Debug|Win32
		{4D3E5360-BAAA-4A67-AA0F-EF96FA4E5490}.Debug|Win32.Build.0 = Debug|Win32
		{4D3E5360-BAAA-4A67-AA0F-EF96FA4E5490}.Debug|x64.ActiveCfg = Debug|x64
		{4D3E5360-BAAA-4A67-AA0F-EF96FA4E5490}.Debug|x64.Build.0 = Debug|x64
		{4D3E5360-BAAA-4A67-AA0F-EF96FA4E5490}.Release|Win32.ActiveCfg = Release|Win32
		{4D3E5360-BAAA-4A67-AA0F-EF96FA4E5490}.Release|Win32.Build.0 = Release|Win32
		{4D3E5360-BAAA-4A67-AA0F-EF96FA4E5490}.Release|x64.ActiveCfg = Release|x64
		{4D3E5360-BAAA-4A67-AA0F-EF96FA4E5490}.Release|x64.Build.0 = Release|x64
		{7F751DA7-2132-46EE-ACCA-FE85F7F22534}.Debug|Win32.ActiveCfg = Debug|Win32
		{7F751DA7-2132-46EE-ACCA-FE85F7F22534}.Debug|Win32.Build.0 = Debug|Win32
		{7F751DA7-2132-46EE-ACCA-FE85F7F22534}.Debug|x64.ActiveCfg = Debug|x64
		{7F751DA7-2132-46EE-ACCA-FE85F7F22534}.Debug|x64.Build.0 = Debug|x64
		{7F751DA7-2132-46EE-ACCA-FE85F7F22534}.Release|Win32.ActiveCfg = Release|Win32
		{7F751DA7-2132-46EE-ACCA-FE85F7F22534}.Release|Win32.Build.0 = Release|Win32
		{7F751DA7-2132-46EE-ACCA-FE85F7F22534}.Release|x64.ActiveCfg = Release|x64
		{7F751DA7-2132-46EE-ACCA-FE85F7F22534}.Release|x64.Build.0 = Release|x64
		{39321064-82F8-4D6D-8757-7A463B54C7FD}.Debug|Win32.ActiveCfg = Debug|Win32
		{39321064-82F8-4D6D-8757-7A463B54C7FD}.Debug|Win32.Build.0 = Debug|Win32
		{39321064-82F8-4D6D-8757-7A463B54C7FD}.Debug|x64.ActiveCfg = Debug|x64
		{39321064-82F8-4D6D-8757-7A463B54C7FD}.Debug|x64.Build.0 = Debug|x64
		{39321064-82F8-4D6D-8757-7A463B54C7FD}.Release|Win32.ActiveCfg = Release|Win32
		{39321064-82F8-4D6D-8757-7A463B54C7FD}.Release|Win32.Build.0 = Release|Win32
		{39321064-82F8-4D6D-8757-7A463B54C7FD}.Release|x64.ActiveCfg = Release|x64
		{39321064-82F8-4D6D-8757-7A463B54C7FD}.Release|x64.Build.0 = Release|x64
		{F50CE4CE-01AD-4FEE-8985-DB97EAE08432}.Debug|Win32.ActiveCfg = Debug|Win32
		{F50CE4CE-01AD-4FEE-8985-DB97EAE08432}.Debug|Win32.Build.0 = Debug|Win32
		{F50CE4CE-01AD-4FEE-8985-DB97EAE08432}.Debug|x64.ActiveCfg = Debug|x64
		{F50CE4CE-01AD-4FEE-8985-DB97EAE08432}.Debug|x64.Build.0 = Debug|x64
		{F50CE4CE-01AD-4FEE-8985-DB97EAE08432}.Release|Win32.ActiveCfg = Release|Win32
		{F50CE4CE-01AD-4FEE-8985-DB97EAE08432}.Release|Win32.Build.0 = Release|Win32
		{F50CE4CE-01AD-4FEE-8985-DB97EAE08432}.Release|x64.ActiveCfg = Release|x64
		{F50CE4CE-01AD-4FEE-8985-DB97EAE08432}.Release|x64.Build.0 = Release|x64
		{182F15EE-A8DC-4A1E-85EA-DDC18B16C853}.Debug|Win32.ActiveCfg = Debug|Win32
		{182F15EE-A8DC-4A1E-85EA-DDC18B16C853}.Debug|Win32.Build.0 = Debug|Win32
		{182F15EE-A8DC-4A1E-85EA-DDC18B16C853}.Debug|x64.ActiveCfg = Debug|x64
		{182F15EE-A8DC-4A1E-85EA-DDC18B16C853}.Debug|x64.Build.0 = Debug|x64
		{182F15EE-A8DC-4A1E-85EA-DDC18B16C853}.Release|Win32.ActiveCfg = Release|Win32
		{182F15EE-A8DC-4A1E-85EA-DDC18B16C853}.Release|Win32.Build.0 = Release|Win32
		{182F15EE-A8DC-4A1E-85EA-DDC18B16C853}.Release|x64.ActiveCfg = Release|x64
		{182F15EE-A8DC-4A1E-85EA-DDC18B16C853}.Release|x64.Build.0 = Release|x64
		{5806DACD-BD66-4167-A60E-F6D20B5B912D}.Debug|Win32.ActiveCfg = Debug|Win32
		{5806DACD-BD66-4167-A60E-F6D20B5B912D}.Debug|Win32.Build.0 = Debug|Win32
		{5806DACD-BD66-4167-A60E-F6D20B5B912D}.Debug|x64.ActiveCfg = Debug|x64
		{5806DACD-BD66-4167-A60E-F6D20B5B912D}.Debug|x64.Build.0 = Debug|x64
		{5806DACD-BD66-4167-A60E-F6D20B5B912D}.Release|Win32.ActiveCfg = Release|Win32
		{5806DACD-BD66-4167-A60E-F6D20B5B912D}.Release|Win32.Build.0 = Release|Win32
		{5806DACD-BD66-4167-A60E-F6D20B5B912D}.Release|x64.ActiveCfg = Release|x64
		{5806DACD-BD66-4167-A60E-F6D20B5B912D}.Release|x64.Build.0 = Release|x64
		{4D351AF7-F490-4B4D-9822-AC41E5D4C419}.Debug|Win32.ActiveCfg = Debug|Win32
		{4D351AF7-F490-4B4D-9822-AC41E5D4C419}.Debug|Win32.Build.0 = Debug|Win32
		{4D351AF7-F490-4B4D-9822-AC41E5D4C419}.Debug|x64.ActiveCfg = Debug|x64
		{4D351AF7-F490-4B4D-9822-AC41E5D4C419}.Debug|x64.Build.0 = Debug|x64
		{4D351AF7-F490-4B4D-9822-AC41E5D4C419}.Release|Win32.ActiveCfg = Release|Win32
		{4D351AF7-F490-4B4D-9822-AC41E5D4C419}.Release|Win32.Build.0 = Release|Win32
		{4D351AF7-F490-4B4D-9822-AC41E5D4C419}.Release|x64.ActiveCfg = Release|x64
		{4D351AF7-F490-4B4D-9822-AC41E5D4C419}.Release|x64.Build.0 = Release|x64
		{84C8FD13-59F3-4B08-B396-342E48A3EE3D}.Debug|Win32.ActiveCfg = Debug|Win32
		{84C8FD13-59F3-4B08-B396-342E48A3EE3D}.Debug|Win32.Build.0 = Debug|Win32
		{84C8FD13-59F3-4B08-B396-342E48A3EE3D}.Debug|x64.ActiveCfg = Debug|x64
		{84C8FD13-59F3-4B08-B396-342E48A3EE3D}.Debug|x64.Build.0 = Debug|x64
		{84C8FD13-59F3-4B08-B396-342E48A3EE3D}.Release|Win32.ActiveCfg = Release|Win32
		{84C8FD13-59F3-4B08-B396-342E48A3EE3D}.Release|Win32.Build.0 = Release|Win32
		{84C8FD13-59F3-4B08-B396-342E48A3EE3D}.Release|x64.ActiveCfg = Release|x64
		{84C8FD13-59F3-4B08-B396-342E48A3EE3D}.Release|x64.Build.0 = Release|x64
		{BF2F620E-6D3B-4CBA-AC43-32985BFA7CC0}.Debug|Win32.ActiveCfg = Debug|Win32
		{BF2F620E-6D3B-4CBA-AC43-32985BFA7CC0}.Debug|Win32.Build.0 = Debug|Win32
		{BF2F620E-6D3B-4CBA-AC43-32985BFA7CC0}.Debug|x64.ActiveCfg = Debug|x64
		{BF2F620E-6D3B-4CBA-AC43-32985BFA7CC0}.Debug|x64.Build.0 = Debug|x64
		{BF2F620E-6D3B-4CBA-AC43-32985BFA7CC0}.Release|Win32.ActiveCfg = Release|Win32
		{BF2F620E-6D3B-4CBA-AC43-32985BFA7CC0}.Release|Win32.Build.0 = Release|Win32
		{BF2F620E-6D3B-4CBA-AC43-32985BFA7CC0}.Release|x64.ActiveCfg = Release|x64
		{BF2F620E-6D3B-4CBA-AC43-32985BFA7CC0}.Release|x64.Build.0 = Release|x64
		{98B13064-1208-4438-861E-EC476D0509E1}.Debug|Win32.ActiveCfg = Debug|Win32
		{98B13064-1208-4438-861E-EC476D0509E1}.Debug|Win32.Build.0 = Debug|Win32
		{98B13064-1208-4438-861E-EC476D0509E1}.Debug|x64.ActiveCfg = Debug|x64
		{98B13064-1208-4438-861E-EC476D0509E1}.Debug|x64.Build.0 = Debug|x64
		{98B13064-1208-4438-861E-EC476D0509E1}.Release|Win32.ActiveCfg = Release|Win32
		{98B13064-1208-4438-861E-EC476D0509E1}.Release|Win32.Build.0 = Release|Win32
		{98B13064-1208-4438-861E-EC476D0509E1}.Release|x64.ActiveCfg = Release|x64
		{98B13064-1208-4438-861E-EC476D0509E1}.Release|x64.Build.0 = Release|x64
		{6FA0FD7B-B696-4EAE-98CF-373C2FF4C37F}.Debug|Win32.ActiveCfg = Debug|Win32
		{6FA0FD7B-B696-4EAE-98CF-373C2FF4C37F}.Debug|Win32.Build.0 = Debug|Win32
		{6FA0FD7B-B696-4EAE-98CF-373C2FF4C37F}.Debug|x64.ActiveCfg = Debug|x64
		{6FA0FD7B-B696-4EAE-98CF-373C2FF4C37F}.Debug|x64.Build.0 = Debug|x64
		{6FA0FD7B-B696-4EAE-98CF-373C2FF4C37F}.Release|Win32.ActiveCfg = Release|Win32
		{6FA0FD7B-B696-4EAE-98CF-373C2FF4C37F}.Release|Win32.Build.0 = Release|Win32
		{6FA0FD7B-B696-4EAE-98CF-373C2FF4C37F}.Release|x64.ActiveCfg = Release|x64
		{6FA0FD7B-B696-4EAE-98CF-373C2FF4C37F}.Release|x64.Build.0 = Release|x64
		{BDDFB551-AD94-4AF7-9930-51B5F3B3F922}.Debug|Win32.ActiveCfg = Debug|Win32
		{BDDFB551-AD94-4AF7-9930-51B5F3B3F922}.Debug|Win32.Build.0 = Debug|Win32
		{BDDFB551-AD94-4AF7-9930-51B5F3B3F922}.Debug|x64.ActiveCfg = Debug|x64
		{BDDFB551-AD94-4AF7-9930-51B5F3B3F922}.Debug|x64.Build.0 = Debug|x64
		{BDDFB551-AD94-4AF7-9930-51B5F3B3F922}.Release|Win32.ActiveCfg = Release|Win32
		{BDDFB551-AD94-4AF7-9930-51B5F3B3F922}.Release|Win32.Build.0 = Release|Win32
		{BDDFB551-AD94-4AF7-9930-51B5F3B3F922}.Release|x64.ActiveCfg = Release|x64
		{BDDFB551-AD94-4AF7-9930-51B5F3B3F922}.Release|x64.Build.0 = Release|x64
		{B46C4AD7-DE52-43BE-8BC5-50708C69D399}.Debug|Win32.ActiveCfg = Debug|Win32
		{B46C4AD7-DE52-43BE-8BC5-50708C69D399}.Debug|Win32.Build.0 = Debug|Win32
		{B46C4AD7-DE52-43BE-8BC5-50708C69D399}.Debug|x64.ActiveCfg = Debug|x64
		{B46C4AD7-DE52-43BE-8BC5-50708C69D399}.Debug|x64.Build.0 = Debug|x64
		{B46C4AD7-DE52-43BE-8BC5-50708C69D399}.Release|Win32.ActiveCfg = Release|Win32
		{B46C4AD7-DE52-43BE-8BC5-50708C69D399}.Release|Win32.Build.0 = Release|Win32
		{B46C4AD7-DE52-43BE-8BC5-50708C69D399}.Release|x64.ActiveCfg = Release|x64
		{B46C4AD7-DE52-43BE-8BC5-50708C69D399}.Release|x64.Build.0 = Release|x64
		{48B9E0C6-B9A4-43AF-9320-E9532F849DA4}.Debug|Win32.ActiveCfg = Debug|Win32
		{48B9E0C6-B9A4-43AF-9320-E9532F849DA4}.Debug|Win32.Build.0 = Debug|Win32
		{48B9E0C6-B9A4-43AF-9320-E9532F849DA4}.Debug|x64.ActiveCfg = Debug|x64
		{48B9E0C6-B9A4-43AF-9320-E9532F849DA4}.Debug|x64.Build.0 = Debug|x64
		{48B9E0C6-B9A4-43AF-9320-E9532F849DA4}.Release|Win32.ActiveCfg = Release|Win32
		{48B9E0C6-B9A4-43AF-9320-E9532F849DA4}.Release|Win32.Build.0 = Release|Win32
		{48B9E0C6-B9A4-43AF-9320-E9532F849DA4}.Release|x64.ActiveCfg = Release|x64
		{48B9E0C6-B9A4-43AF-9320-E9532F849DA4}.Release|x64.Build.0 = Release|x64
		{FBD752FB-E1CD-42C3-827A-7FF616B4EE41}.Debug|Win32.ActiveCfg = Debug|Win32
		{FBD752FB-E1CD-42C3-827A-7FF616B4EE41}.Debug|Win32.Build.0 = Debug|Win32
		{FBD752FB-E1CD-42C3-827A-7FF616B4EE41}.Debug|x64.ActiveCfg = Debug|x64
		{FBD752FB-E1CD-42C3-827A-7FF616B4EE41}.Debug|x64.Build.0 = Debug|x64
		{FBD752FB-E1CD-42C3-827A-7FF616B4EE41}.Release|Win32.ActiveCfg = Release|Win32
		{FBD752FB-E1CD-42C3-827A-7FF616B4EE41}.Release|Win32.Build.0 = Release|Win32
		{FBD752FB-E1CD-42C3-827A-7FF616B4EE41}.Release|x64.ActiveCfg = Release|x64
		{FBD752FB-E1CD-42C3-827A-7FF616B4EE41}.Release|x64.Build.0 = Release|x64
		{AC520693-9044-448F-B127-77AB5F23526F}.Debug|Win32.ActiveCfg = Debug|Win32
		{AC520693-9044-448F-B127-77AB5F23526F}.Debug|Win32.Build.0 = Debug|Win32
		{AC520693-9044-448F-B127-77AB5F23526F}.Debug|x64.ActiveCfg = Debug|x64
		{AC520693-9044-448F-B127-77AB5F23526F}.Debug|x64.Build.0 = Debug|x64
		{AC520693-9044-448F-B127-77AB5F23526F}.Release|Win32.ActiveCfg = Release|Win32
		{AC520693-9044-448F-B127-77AB5F23526F}.Release|Win32.Build.0 = Release|Win32
		{AC520693-9044-448F-B127-77AB5F23526F}.Release|x64.ActiveCfg = Release|x64
		{AC520693-9044-448F-B127-77AB5F23526F}.Release|x64.Build.0 = Release|x64
		{F291E967-D7DE-46C9-814B-C7F76B7C3651}.Debug|Win32.ActiveCfg = Debug|Win32
		{F291E967-D7DE-46C9-814B-C7F76B7C3651}.Debug|Win32.Build.0 = Debug|Win32
		{F291E967-D7DE-46C9-814B-C7F76B7C3651}.Debug|x64.ActiveCfg = Debug|x64
		{F291E967-D7DE-46C9-814B-C7F76B7C3651}.Debug|x64.Build.0 = Debug|x64
		{F291E967-D7DE-46C9-814B-C7F76B7C3651}.Release|Win32.ActiveCfg = Release|Win32
		{F291E967-D7DE-46C9-814B-C7F76B7C3651}.Release|Win32.Build.0 = Release|Win32
		{F291E967-D7DE-46C9-814B-C7F76B7C3651}.Release|x64.ActiveCfg = Release|x64
		{F291E967-D7DE-46C9-814B-C7F76B7C3651}.Release|x64.Build.0 = Release|x64
		{493EA373-538E-483D-AD1D-5F87CDD71E77}.Debug|Win32.ActiveCfg = Debug|Win32
		{493EA373-538E-483D-AD1D-5F87CDD71E77}.Debug|Win32.Build.0 = Debug|Win32
		{493EA373-538E-483D-AD1D-5F87CDD71E77}.Debug|x64.ActiveCfg = Debug|x64
		{493EA373-538E-483D-AD1D-5F87CDD71E77}.Debug|x64.Build.0 = Debug|x64
		{493EA373-538E-483D-AD1D-5F87CDD71E77}.Release|Win32.ActiveCfg = Release|Win32
		{493EA373-538E-483D-AD1D-5F87CDD71E77}.Release|Win32.Build.0 = Release|Win32
		{493EA373-538E-483D-AD1D-5F87CDD71E77}.Release|x64.ActiveCfg = Release|x64
		{493EA373-538E-483D-AD1D-5F87CDD71E77}.Release|x64.Build.0 = Release|x64
		{F883F732-58E1-41C5-AEB2-241CF2EC7568}.Debug|Win32.ActiveCfg = Debug|Win32
		{F883F732-58E1-41C5-AEB2-241CF2EC7568}.Debug|Win32.Build.0 = Debug|Win32
		{F883F732-58E1-41C5-AEB2-241CF2EC7568}.Debug|x64.ActiveCfg = Debug|x64
		{F883F732-58E1-41C5-AEB2-241CF2EC7568}.Debug|x64.Build.0 = Debug|x64
		{F883F732-58E1-41C5-AEB2-241CF2EC7568}.Release|Win32.ActiveCfg = Release|Win32
		{F883F732-58E1-41C5-AEB2-241CF2EC7568}.Release|Win32.Build.0 = Release|Win32
		{F883F732-58E1-41C5-AEB2-241CF2EC7568}.Release|x64.ActiveCfg = Release|x64
		{F883F732-58E1-41C5-AEB2-241CF2EC7568}.Release|x64.Build.0 = Release|x64
		{A50595C4-67CD-498F-8782-F4EA437276CC}.Debug|Win32.ActiveCfg = Debug|Win32
		{A50595C4-67CD-498F-8782-F4EA437276CC}.Debug|Win32.Build.0 = Debug|Win32
		{A50595C4-67CD-498F-8782-F4EA437276CC}.Debug|x64.ActiveCfg = Debug|x64
		{A50595C4-67CD-498F-8782-F4EA437276CC}.Debug|x64.Build.0 = Debug|x64
		{A50595C4-67CD-498F-8782-F4EA437276CC}.Release|Win32.ActiveCfg = Release|Win32
		{A50595C4-67CD-498F-8782-F4EA437276CC}.Release|Win32.Build.0 = Release|Win32
		{A50595C4-67CD-498F-8782-F4EA437276CC}.Release|x64.ActiveCfg = Release|x64
		{A50595C4-67CD-498F-8782-F4EA437276CC}.Release|x64.Build.0 = Release|x64
		{AA0992E2-64F3-4B3A-9B26-0DDE82885434}.Debug|Win32.ActiveCfg = Debug|Win32
		{AA0992E2-64F3-4B3A-9B26-0DDE82885434}.Debug|Win32.Build.0 = Debug|Win32
		{AA0992E2-64F3-4B3A-9B26-0DDE82885434}.Debug|x64.ActiveCfg = Debug|x64
		{AA0992E2-64F3-4B3A-9B26-0DDE82885434}.Debug|x64.Build.0 = Debug|x64
		{AA0992E2-64F3-4B3A-9B26-0DDE82885434}.Release|Win32.ActiveCfg = Release|Win32
		{AA0992E2-64F3-4B3A-9B26-0DDE82885434}.Release|Win32.Build.0 = Release|Win32
		{AA0992E2-64F3-4B3A-9B26-0DDE82885434}.Release|x64.ActiveCfg = Release|x64
		{AA0992E2-64F3-4B3A-9B26-0DDE82885434}.Release|x64.Build.0 = Release|x64
		{2AE1BA27-8DB3-454E-B90B-3286DA7FDA9F}.Debug|Win32.ActiveCfg = Debug|Win32
		{2AE1BA27-8DB3-454E-B90B-3286DA7FDA9F}.Debug|Win32.Build.0 = Debug|Win32
		{2AE1BA27-8DB3-454E-B90B-3286DA7FDA9F}.Debug|x64.ActiveCfg = Debug|x64
		{2AE1BA27-8DB3-454E-B90B-3286DA7FDA9F}.Debug|x64.Build.0 = Debug|x64
		{2AE1BA27-8DB3-454E-B90B-3286DA7FDA9F}.Release|Win32.ActiveCfg = Release|Win32
		{2AE1BA27-8DB3-454E-B90B-3286DA7FDA9F}.Release|Win32.Build.0 = Release|Win32
		{2AE1BA27-8DB3-454E-B90B-3286DA7FDA9F}.Release|x64.ActiveCfg = Release|x64
		{2AE1BA27-8DB3-454E-B90B-3286DA7FDA9F}.Release|x64.Build.0 = Release|x64
		{B4241EC8-938D-447C-A3ED-1936CB033BE7}.Debug|Win32.ActiveCfg = Debug|Win32
		{B4241EC8-938D-447C-A3ED-1936CB033BE7}.Debug|Win32.Build.0 = Debug|Win32
		{B4241EC8-938D-447C-A3ED-1936CB033BE7}.Debug|x64.ActiveCfg = Debug|x64
		{B4241EC8-938D-447C-A3ED-1936CB033BE7}.Debug|x64.Build.0 = Debug|x64
		{B4241EC8-938D-447C-A3ED-1936CB033BE7}.Release|Win32.ActiveCfg = Release|Win32
		{B4241EC8-938D-447C-A3ED-1936CB033BE7}.Release|Win32.Build.0 = Release|Win32
		{B4241EC8-938D-447C-A3ED-1936CB033BE7}.Release|x64.ActiveCfg = Release|x64
		{B4241EC8-938D-447C-A3ED-1936CB033BE7}.Release|x64.Build.0 = Release|x64
		{530E17B5-3810-440D-A617-DF6001DC3AF4}.Debug|Win32.ActiveCfg = Debug|Win32
		{530E17B5-3810-440D-A617-DF6001DC3AF4}.Debug|Win32.Build.0 = Debug|Win32
		{530E17B5-3810-440D-A617-DF6001DC3AF4}.Debug|x64.ActiveCfg = Debug|x64
		{530E17B5-3810-440D-A617-DF6001DC3AF4}.Debug|x64.Build.0 = Debug|x64
		{530E17B5-3810-440D-A617-DF6001DC3AF4}.Release|Win32.ActiveCfg = Release|Win32
		{530E17B5-3810-440D-A617-DF6001DC3AF4}.Release|Win32.Build.0 = Release|Win32
		{530E17B5-3810-440D-A617-DF6001DC3AF4}.Release|x64.ActiveCfg = Release|x64
		{530E17B5-3810-440D-A617-DF6001DC3AF4}.Release|x64.Build.0 = Release|x64
		{EF35E0F8-38B6-4AB3-8654-7C962FF15FD1}.Debug|Win32.ActiveCfg = Debug|Win32
		{EF35E0F8-38B6-4AB3-8654-7C962FF15FD1}.Debug|Win32.Build.0 = Debug|Win32
		{EF35E0F8-38B6-4AB3-8654-7C962FF15FD1}.Debug|x64.ActiveCfg = Debug|x64
		{EF35E0F8-38B6-4AB3-8654-7C962FF15FD1}.Debug|x64.Build.0 = Debug|x64
		{EF35E0F8-38B6-4AB3-8654-7C962FF15FD1}.Release|Win32.ActiveCfg = Release|Win32
		{EF35E0F8-38B6-4AB3-8654-7C962FF15FD1}.Release|Win32.Build.0 = Release|Win32
		{EF35E0F8-38B6-4AB3-8654-7C962FF15FD1}.Release|x64.ActiveCfg = Release|x64
		{EF35E0F8-38B6-4AB3-8654-7C962FF15FD1}.Release|x64.Build.0 = Release|x64
		{3BB394A0-4961-45F6-A52A-F4EAE6A36406}.Debug|Win32.ActiveCfg = Debug|Win32
		{3BB394A0-4961-45F6-A52A-F4EAE6A36406}.Debug|Win32.Build.0 = Debug|Win32
		{3BB394A0-4961-45F6-A52A-F4EAE6A36406}.Debug|x64.ActiveCfg = Debug|x64
		{3BB394A0-4961-45F6-A52A-F4EAE6A36406}.Debug|x64.Build.0 = Debug|x64
		{3BB394A0-4961-45F6-A52A-F4EAE6A36406}.Release|Win32.ActiveCfg = Release|Win32
		{3BB394A0-4961-45F6-A52A-F4EAE6A36406}.Release|Win32.Build.0 = Release|Win32
		{3BB394A0-4961-45F6-A52A-F4EAE6A36406}.Release|x64.ActiveCfg = Release|x64
		{3BB394A0-4961-45F6-A52A-F4EAE6A36406}.Release|x64.Build.0 = Release|x64
		{3AE55B79-ECA7-4DED-A3D5-AA08B9D782DE}.Debug|Win32.ActiveCfg = Debug|Win32
		{3AE55B79-ECA7-4DED-A3D5-AA08B9D782DE}.Debug|Win32.Build.0 = Debug|Win32
		{3AE55B79-ECA7-4DED-A3D5-AA08B9D782DE}.Debug|x64.ActiveCfg = Debug|x64
		{3AE55B79-ECA7-4DED-A3D5-AA08B9D782DE}.Debug|x64.Build.0 = Debug|x64
		{3AE55B79-ECA7-4DED-A3D5-AA08B9D782DE}.Release|Win32.ActiveCfg = Release|Win32
		{3AE55B79-ECA7-4DED-A3D5-AA08B9D782DE}.Release|Win32.Build.0 = Release|Win32
		{3AE55B79-ECA7-4DED-A3D5-AA08B9D782DE}.Release|x64.ActiveCfg = Release|x64
		{3AE55B79-ECA7-4DED-A3D5-AA08B9D782DE}.Release|x64.Build.0 = Release|x64
		{E344F082-D140-4028-A262-519E0B407E6F}.Debug|Win32.ActiveCfg = Debug|Win32
		{E344F082-D140-4028-A262-519E0B407E6F}.Debug|Win32.Build.0 = Debug|Win32
		{E344F082-D140-4028-A262-519E0B407E6F}.Debug|x64.ActiveCfg = Debug|Win32
		{E344F082-D140-4028-A262-519E0B407E6F}.Release|Win32.ActiveCfg = Release|Win32
		{E344F082-D140-4028-A262-519E0B407E6F}.Release|Win32.Build.0 = Release|Win32
		{E344F082-D140-4028-A262-519E0B407E6F}.Release|x64.ActiveCfg = Release|Win32
		{C4F03E47-2844-48D4-8456-26F3720F3C27}.Debug|Win32.ActiveCfg = Debug|Win32
		{C4F03E47-2844-48D4-8456-26F3720F3C27}.Debug|Win32.Build.0 = Debug|Win32
		{C4F03E47-2844-48D4-8456-26F3720F3C27}.Debug|x64.ActiveCfg = Debug|Win32
		{C4F03E47-2844-48D4-8456-26F3720F3C27}.Release|Win32.ActiveCfg = Release|Win32
		{C4F03E47-2844-48D4-8456-26F3720F3C27}.Release|Win32.Build.0 = Release|Win32
		{C4F03E47-2844-48D4-8456-26F3720F3C27}.Release|x64.ActiveCfg = Release|Win32
		{921CC492-BAB7-4FEF-937C-091454CDF605}.Debug|Win32.ActiveCfg = Debug|Win32
		{921CC492-BAB7-4FEF-937C-091454CDF605}.Debug|Win32.Build.0 = Debug|Win32
		{921CC492-BAB7-4FEF-937C-091454CDF605}.Debug|x64.ActiveCfg = Debug|Win32
		{921CC492-BAB7-4FEF-937C-091454CDF605}.Release|Win32.ActiveCfg = Release|Win32
		{921CC492-BAB7-4FEF-937C-091454CDF605}.Release|Win32.Build.0 = Release|Win32
		{921CC492-BAB7-4FEF-937C-091454CDF605}.Release|x64.ActiveCfg = Release|Win32
		{D039041F-CF35-43F0-9C14-A3A8E59048C1}.Debug|Win32.ActiveCfg = Debug|Win32
		{D039041F-CF35-43F0-9C14-A3A8E59048C1}.Debug|Win32.Build.0 = Debug|Win32
		{D039041F-CF35-43F0-9C14-A3A8E59048C1}.Debug|x64.ActiveCfg = Debug|Win32
		{D039041F-CF35-43F0-9C14-A3A8E59048C1}.Release|Win32.ActiveCfg = Release|Win32
		{D039041F-CF35-43F0-9C14-A3A8E59048C1}.Release|Win32.Build.0 = Release|Win32
		{D039041F-CF35-43F0-9C14-A3A8E59048C1}.Release|x64.ActiveCfg = Release|Win32
		{DE400214-6DC9-47CD-B105-398096A9BAB7}.Debug|Win32.ActiveCfg = Debug|Win32
		{DE400214-6DC9-47CD-B105-398096A9BAB7}.Debug|Win32.Build.0 = Debug|Win32
		{DE400214-6DC9-47CD-B105-398096A9BAB7}.Debug|x64.ActiveCfg = Debug|Win32
		{DE400214-6DC9-47CD-B105-398096A9BAB7}.Release|Win32.ActiveCfg = Release|Win32
		{DE400214-6DC9-47CD-B105-398096A9BAB7}.Release|Win32.Build.0 = Release|Win32
		{DE400214-6DC9-47CD-B105-398096A9BAB7}.Release|x64.ActiveCfg = Release|Win32
		{7FC85768-412B-4697-A7EA-EF513DEA95F1}.Debug|Win32.ActiveCfg = Debug|Win32
		{7FC85768-412B-4697-A7EA-EF513DEA95F1}.Debug|Win32.Build.0 = Debug|Win32
		{7FC85768-412B-4697-A7EA-EF513DEA95F1}.Debug|x64.ActiveCfg = Debug|Win32
		{7FC85768-412B-4697-A7EA-EF513DEA95F1}.Release|Win32.ActiveCfg = Release|Win32
		{7FC85768-412B-4697-A7EA-EF513DEA95F1}.Release|Win32.Build.0 = Release|Win32
		{7FC85768-412B-4697-A7EA-EF513DEA95F1}.Release|x64.ActiveCfg = Release|Win32
		{7D1BB638-2B14-4298-9CB2-F108DE7F7591}.Debug|Win32.ActiveCfg = Debug|Win32
		{7D1BB638-2B14-4298-9CB2-F108DE7F7591}.Debug|Win32.Build.0 = Debug|Win32
		{7D1BB638-2B14-4298-9CB2-F108DE7F7591}.Debug|x64.ActiveCfg = Debug|Win32
		{7D1BB638-2B14-4298-9CB2-F108DE7F7591}.Release|Win32.ActiveCfg = Release|Win32
		{7D1BB638-2B14-4298-9CB2-F108DE7F7591}.Release|Win32.Build.0 = Release|Win32
		{7D1BB638-2B14-4298-9CB2-F108DE7F7591}.Release|x64.ActiveCfg = Release|Win32
		{E44C6790-2234-429D-A062-1E83A05C350C}.Debug|Win32.ActiveCfg = Debug
		{E44C6790-2234-429D-A062-1E83A05C350C}.Debug|x64.ActiveCfg = Debug
		{E44C6790-2234-429D-A062-1E83A05C350C}.Release|Win32.ActiveCfg = Release
		{E44C6790-2234-429D-A062-1E83A05C350C}.Release|x64.ActiveCfg = Release
	EndGlobalSection
	GlobalSection(SolutionProperties) = preSolution
		HideSolutionNode = FALSE
	EndGlobalSection
	GlobalSection(NestedProjects) = preSolution
		{4D3E5360-BAAA-4A67-AA0F-EF96FA4E5490} = {74B93551-3EB3-47A7-9EA7-B591CCBFF960}
		{7F751DA7-2132-46EE-ACCA-FE85F7F22534} = {74B93551-3EB3-47A7-9EA7-B591CCBFF960}
		{39321064-82F8-4D6D-8757-7A463B54C7FD} = {74B93551-3EB3-47A7-9EA7-B591CCBFF960}
		{F50CE4CE-01AD-4FEE-8985-DB97EAE08432} = {74B93551-3EB3-47A7-9EA7-B591CCBFF960}
		{182F15EE-A8DC-4A1E-85EA-DDC18B16C853} = {74B93551-3EB3-47A7-9EA7-B591CCBFF960}
		{5806DACD-BD66-4167-A60E-F6D20B5B912D} = {74B93551-3EB3-47A7-9EA7-B591CCBFF960}
		{4D351AF7-F490-4B4D-9822-AC41E5D4C419} = {74B93551-3EB3-47A7-9EA7-B591CCBFF960}
		{84C8FD13-59F3-4B08-B396-342E48A3EE3D} = {74B93551-3EB3-47A7-9EA7-B591CCBFF960}
		{BF2F620E-6D3B-4CBA-AC43-32985BFA7CC0} = {74B93551-3EB3-47A7-9EA7-B591CCBFF960}
		{98B13064-1208-4438-861E-EC476D0509E1} = {74B93551-3EB3-47A7-9EA7-B591CCBFF960}
		{6FA0FD7B-B696-4EAE-98CF-373C2FF4C37F} = {9F41170F-3748-46A9-9F81-D558EFF57A6F}
		{BDDFB551-AD94-4AF7-9930-51B5F3B3F922} = {9F41170F-3748-46A9-9F81-D558EFF57A6F}
		{B46C4AD7-DE52-43BE-8BC5-50708C69D399} = {9F41170F-3748-46A9-9F81-D558EFF57A6F}
		{FBD752FB-E1CD-42C3-827A-7FF616B4EE41} = {9F41170F-3748-46A9-9F81-D558EFF57A6F}
		{F883F732-58E1-41C5-AEB2-241CF2EC7568} = {9F41170F-3748-46A9-9F81-D558EFF57A6F}
		{AA0992E2-64F3-4B3A-9B26-0DDE82885434} = {9F41170F-3748-46A9-9F81-D558EFF57A6F}
		{48B9E0C6-B9A4-43AF-9320-E9532F849DA4} = {050F46B5-25FA-4043-925D-2001EF0591FF}
		{AC520693-9044-448F-B127-77AB5F23526F} = {050F46B5-25FA-4043-925D-2001EF0591FF}
		{F291E967-D7DE-46C9-814B-C7F76B7C3651} = {050F46B5-25FA-4043-925D-2001EF0591FF}
		{493EA373-538E-483D-AD1D-5F87CDD71E77} = {050F46B5-25FA-4043-925D-2001EF0591FF}
		{264FEB74-411F-4F3E-A5A4-7243014C9C29} = {16A520E0-93ED-480E-B16A-6447FC06823A}
		{2AE1BA27-8DB3-454E-B90B-3286DA7FDA9F} = {16A520E0-93ED-480E-B16A-6447FC06823A}
		{B4241EC8-938D-447C-A3ED-1936CB033BE7} = {16A520E0-93ED-480E-B16A-6447FC06823A}
		{530E17B5-3810-440D-A617-DF6001DC3AF4} = {16A520E0-93ED-480E-B16A-6447FC06823A}
		{EF35E0F8-38B6-4AB3-8654-7C962FF15FD1} = {16A520E0-93ED-480E-B16A-6447FC06823A}
		{3BB394A0-4961-45F6-A52A-F4EAE6A36406} = {16A520E0-93ED-480E-B16A-6447FC06823A}
		{3AE55B79-ECA7-4DED-A3D5-AA08B9D782DE} = {16A520E0-93ED-480E-B16A-6447FC06823A}
		{E344F082-D140-4028-A262-519E0B407E6F} = {264FEB74-411F-4F3E-A5A4-7243014C9C29}
		{C4F03E47-2844-48D4-8456-26F3720F3C27} = {264FEB74-411F-4F3E-A5A4-7243014C9C29}
		{921CC492-BAB7-4FEF-937C-091454CDF605} = {264FEB74-411F-4F3E-A5A4-7243014C9C29}
		{D039041F-CF35-43F0-9C14-A3A8E59048C1} = {264FEB74-411F-4F3E-A5A4-7243014C9C29}
		{DE400214-6DC9-47CD-B105-398096A9BAB7} = {264FEB74-411F-4F3E-A5A4-7243014C9C29}
		{7FC85768-412B-4697-A7EA-EF513DEA95F1} = {264FEB74-411F-4F3E-A5A4-7243014C9C29}
		{7D1BB638-2B14-4298-9CB2-F108DE7F7591} = {264FEB74-411F-4F3E-A5A4-7243014C9C29}
	EndGlobalSection
EndGlobal
